
Microsoft Visual Studio Solution File, Format Version 12.00
Project("{FAE04EC0-301F-11D3-BF4B-00C04F79EFBC}") = "MyProject.Web", "MyProject.Web\MyProject.Web.csproj", "{38F22B8A-1CF7-4A60-B3CC-7968405FFB8F}"
EndProject
Project("{FAE04EC0-301F-11D3-BF4B-00C04F79EFBC}") = "MyProject.Core", "MyProject.Core\MyProject.Core.csproj", "{EAD8CEF7-3BCA-4254-88AF-48C05822E098}"
EndProject
Project("{FAE04EC0-301F-11D3-BF4B-00C04F79EFBC}") = "MyProject.Data", "MyProject.Data\MyProject.Data.csproj", "{0AB77452-7F13-4D9D-9FE3-02C86A3B9EA7}"
EndProject
Project("{FAE04EC0-301F-11D3-BF4B-00C04F79EFBC}") = "MyProject.Services", "MyProject.Services\MyProject.Services.csproj", "{4FB16EC1-A10B-4FAD-8F43-88C60E03CD8A}"
EndProject
Project("{FAE04EC0-301F-11D3-BF4B-00C04F79EFBC}") = "MyProject.API", "MyProject.API\MyProject.API.csproj", "{D819B5B5-359C-4BEA-B4ED-0C974F2A05B6}"
EndProject
Global
	GlobalSection(SolutionConfigurationPlatforms) = preSolution
		Debug|Any CPU = Debug|Any CPU
		Release|Any CPU = Release|Any CPU
	EndGlobalSection
	GlobalSection(ProjectConfigurationPlatforms) = postSolution
		{38F22B8A-1CF7-4A60-B3CC-7968405FFB8F}.Debug|Any CPU.ActiveCfg = Debug|Any CPU
		{38F22B8A-1CF7-4A60-B3CC-7968405FFB8F}.Debug|Any CPU.Build.0 = Debug|Any CPU
		{38F22B8A-1CF7-4A60-B3CC-7968405FFB8F}.Release|Any CPU.ActiveCfg = Release|Any CPU
		{38F22B8A-1CF7-4A60-B3CC-7968405FFB8F}.Release|Any CPU.Build.0 = Release|Any CPU
		{EAD8CEF7-3BCA-4254-88AF-48C05822E098}.Debug|Any CPU.ActiveCfg = Debug|Any CPU
		{EAD8CEF7-3BCA-4254-88AF-48C05822E098}.Debug|Any CPU.Build.0 = Debug|Any CPU
		{EAD8CEF7-3BCA-4254-88AF-48C05822E098}.Release|Any CPU.ActiveCfg = Release|Any CPU
		{EAD8CEF7-3BCA-4254-88AF-48C05822E098}.Release|Any CPU.Build.0 = Release|Any CPU
		{0AB77452-7F13-4D9D-9FE3-02C86A3B9EA7}.Debug|Any CPU.ActiveCfg = Debug|Any CPU
		{0AB77452-7F13-4D9D-9FE3-02C86A3B9EA7}.Debug|Any CPU.Build.0 = Debug|Any CPU
		{0AB77452-7F13-4D9D-9FE3-02C86A3B9EA7}.Release|Any CPU.ActiveCfg = Release|Any CPU
		{0AB77452-7F13-4D9D-9FE3-02C86A3B9EA7}.Release|Any CPU.Build.0 = Release|Any CPU
		{4FB16EC1-A10B-4FAD-8F43-88C60E03CD8A}.Debug|Any CPU.ActiveCfg = Debug|Any CPU
		{4FB16EC1-A10B-4FAD-8F43-88C60E03CD8A}.Debug|Any CPU.Build.0 = Debug|Any CPU
		{4FB16EC1-A10B-4FAD-8F43-88C60E03CD8A}.Release|Any CPU.ActiveCfg = Release|Any CPU
		{4FB16EC1-A10B-4FAD-8F43-88C60E03CD8A}.Release|Any CPU.Build.0 = Release|Any CPU
		{D819B5B5-359C-4BEA-B4ED-0C974F2A05B6}.Debug|Any CPU.ActiveCfg = Debug|Any CPU
		{D819B5B5-359C-4BEA-B4ED-0C974F2A05B6}.Debug|Any CPU.Build.0 = Debug|Any CPU
		{D819B5B5-359C-4BEA-B4ED-0C974F2A05B6}.Release|Any CPU.ActiveCfg = Release|Any CPU
		{D819B5B5-359C-4BEA-B4ED-0C974F2A05B6}.Release|Any CPU.Build.0 = Release|Any CPU
	EndGlobalSection
EndGlobal
